
Microsoft Visual Studio Solution File, Format Version 12.00
# Visual Studio Version 17
VisualStudioVersion = 17.8.34525.116
MinimumVisualStudioVersion = 10.0.40219.1
Project("{FAE04EC0-301F-11D3-BF4B-00C04F79EFBC}") = "ControleDeContatos", "ControleDeContatos\ControleDeContatos.csproj", "{14F820BE-98F0-4A0C-956F-A8E6ED741A0F}"
EndProject
Global
	GlobalSection(SolutionConfigurationPlatforms) = preSolution
		Debug|Any CPU = Debug|Any CPU
		Release|Any CPU = Release|Any CPU
	EndGlobalSection
	GlobalSection(ProjectConfigurationPlatforms) = postSolution
		{14F820BE-98F0-4A0C-956F-A8E6ED741A0F}.Debug|Any CPU.ActiveCfg = Debug|Any CPU
		{14F820BE-98F0-4A0C-956F-A8E6ED741A0F}.Debug|Any CPU.Build.0 = Debug|Any CPU
		{14F820BE-98F0-4A0C-956F-A8E6ED741A0F}.Release|Any CPU.ActiveCfg = Release|Any CPU
		{14F820BE-98F0-4A0C-956F-A8E6ED741A0F}.Release|Any CPU.Build.0 = Release|Any CPU
	EndGlobalSection
	GlobalSection(SolutionProperties) = preSolution
		HideSolutionNode = FALSE
	EndGlobalSection
	GlobalSection(ExtensibilityGlobals) = postSolution
		SolutionGuid = {221B5DF7-EDE0-4C2F-8ABA-EFBD2EB1C025}
	EndGlobalSection
EndGlobal
